
Microsoft Visual Studio Solution File, Format Version 12.00
# Visual Studio Version 17
VisualStudioVersion = 17.9.34902.65
MinimumVisualStudioVersion = 10.0.40219.1
Project("{FAE04EC0-301F-11D3-BF4B-00C04F79EFBC}") = "WebApplication3", "WebApplication3\WebApplication3.csproj", "{AE5BD63B-70B5-4D72-BCEC-073E4C2D57BF}"
EndProject
Global
	GlobalSection(SolutionConfigurationPlatforms) = preSolution
		Debug|Any CPU = Debug|Any CPU
		Release|Any CPU = Release|Any CPU
	EndGlobalSection
	GlobalSection(ProjectConfigurationPlatforms) = postSolution
		{AE5BD63B-70B5-4D72-BCEC-073E4C2D57BF}.Debug|Any CPU.ActiveCfg = Debug|Any CPU
		{AE5BD63B-70B5-4D72-BCEC-073E4C2D57BF}.Debug|Any CPU.Build.0 = Debug|Any CPU
		{AE5BD63B-70B5-4D72-BCEC-073E4C2D57BF}.Release|Any CPU.ActiveCfg = Release|Any CPU
		{AE5BD63B-70B5-4D72-BCEC-073E4C2D57BF}.Release|Any CPU.Build.0 = Release|Any CPU
	EndGlobalSection
	GlobalSection(SolutionProperties) = preSolution
		HideSolutionNode = FALSE
	EndGlobalSection
	GlobalSection(ExtensibilityGlobals) = postSolution
		SolutionGuid = {C91DDB8F-714D-47F4-BD82-926664DFE6D8}
	EndGlobalSection
EndGlobal
